
Microsoft Visual Studio Solution File, Format Version 12.00
# Visual Studio Version 17
VisualStudioVersion = 17.7.34202.233
MinimumVisualStudioVersion = 10.0.40219.1
Project("{FAE04EC0-301F-11D3-BF4B-00C04F79EFBC}") = "7 decembrie cex 2", "7 decembrie cex 2\7 decembrie cex 2.csproj", "{C0702E7A-8200-43FD-8463-7C5ABA0BDF86}"
EndProject
Global
	GlobalSection(SolutionConfigurationPlatforms) = preSolution
		Debug|Any CPU = Debug|Any CPU
		Release|Any CPU = Release|Any CPU
	EndGlobalSection
	GlobalSection(ProjectConfigurationPlatforms) = postSolution
		{C0702E7A-8200-43FD-8463-7C5ABA0BDF86}.Debug|Any CPU.ActiveCfg = Debug|Any CPU
		{C0702E7A-8200-43FD-8463-7C5ABA0BDF86}.Debug|Any CPU.Build.0 = Debug|Any CPU
		{C0702E7A-8200-43FD-8463-7C5ABA0BDF86}.Release|Any CPU.ActiveCfg = Release|Any CPU
		{C0702E7A-8200-43FD-8463-7C5ABA0BDF86}.Release|Any CPU.Build.0 = Release|Any CPU
	EndGlobalSection
	GlobalSection(SolutionProperties) = preSolution
		HideSolutionNode = FALSE
	EndGlobalSection
	GlobalSection(ExtensibilityGlobals) = postSolution
		SolutionGuid = {59B21991-87BC-459E-BE16-971E13B2F752}
	EndGlobalSection
EndGlobal
