
Microsoft Visual Studio Solution File, Format Version 12.00
# Visual Studio Version 17
VisualStudioVersion = 17.7.34202.233
MinimumVisualStudioVersion = 10.0.40219.1
Project("{FAE04EC0-301F-11D3-BF4B-00C04F79EFBC}") = "ContBancarProject", "ContBancarProject\ContBancarProject.csproj", "{A2718719-8952-44DB-A3FD-401BC6938B14}"
EndProject
Global
	GlobalSection(SolutionConfigurationPlatforms) = preSolution
		Debug|Any CPU = Debug|Any CPU
		Release|Any CPU = Release|Any CPU
	EndGlobalSection
	GlobalSection(ProjectConfigurationPlatforms) = postSolution
		{A2718719-8952-44DB-A3FD-401BC6938B14}.Debug|Any CPU.ActiveCfg = Debug|Any CPU
		{A2718719-8952-44DB-A3FD-401BC6938B14}.Debug|Any CPU.Build.0 = Debug|Any CPU
		{A2718719-8952-44DB-A3FD-401BC6938B14}.Release|Any CPU.ActiveCfg = Release|Any CPU
		{A2718719-8952-44DB-A3FD-401BC6938B14}.Release|Any CPU.Build.0 = Release|Any CPU
	EndGlobalSection
	GlobalSection(SolutionProperties) = preSolution
		HideSolutionNode = FALSE
	EndGlobalSection
	GlobalSection(ExtensibilityGlobals) = postSolution
		SolutionGuid = {84D48031-A24C-4272-A52B-90B08778EEF2}
	EndGlobalSection
EndGlobal
