
Microsoft Visual Studio Solution File, Format Version 12.00
# Visual Studio Version 17
VisualStudioVersion = 17.7.34202.233
MinimumVisualStudioVersion = 10.0.40219.1
Project("{FAE04EC0-301F-11D3-BF4B-00C04F79EFBC}") = "StudentProject", "StudentProject\StudentProject.csproj", "{926245C9-CC85-40A3-AB51-9592205EB00D}"
EndProject
Global
	GlobalSection(SolutionConfigurationPlatforms) = preSolution
		Debug|Any CPU = Debug|Any CPU
		Release|Any CPU = Release|Any CPU
	EndGlobalSection
	GlobalSection(ProjectConfigurationPlatforms) = postSolution
		{926245C9-CC85-40A3-AB51-9592205EB00D}.Debug|Any CPU.ActiveCfg = Debug|Any CPU
		{926245C9-CC85-40A3-AB51-9592205EB00D}.Debug|Any CPU.Build.0 = Debug|Any CPU
		{926245C9-CC85-40A3-AB51-9592205EB00D}.Release|Any CPU.ActiveCfg = Release|Any CPU
		{926245C9-CC85-40A3-AB51-9592205EB00D}.Release|Any CPU.Build.0 = Release|Any CPU
	EndGlobalSection
	GlobalSection(SolutionProperties) = preSolution
		HideSolutionNode = FALSE
	EndGlobalSection
	GlobalSection(ExtensibilityGlobals) = postSolution
		SolutionGuid = {BDC1CB5E-CB15-418F-B440-BE1E5E9B1BDA}
	EndGlobalSection
EndGlobal
