
Microsoft Visual Studio Solution File, Format Version 12.00
# Visual Studio Version 17
VisualStudioVersion = 17.8.34525.116
MinimumVisualStudioVersion = 10.0.40219.1
Project("{FAE04EC0-301F-11D3-BF4B-00C04F79EFBC}") = "Aplicația 14- Ceas analogic", "Aplicația 14- Ceas analogic\Aplicația 14- Ceas analogic.csproj", "{FAC37046-252C-4341-9BEE-2D21CD22D7E1}"
EndProject
Global
	GlobalSection(SolutionConfigurationPlatforms) = preSolution
		Debug|Any CPU = Debug|Any CPU
		Release|Any CPU = Release|Any CPU
	EndGlobalSection
	GlobalSection(ProjectConfigurationPlatforms) = postSolution
		{FAC37046-252C-4341-9BEE-2D21CD22D7E1}.Debug|Any CPU.ActiveCfg = Debug|Any CPU
		{FAC37046-252C-4341-9BEE-2D21CD22D7E1}.Debug|Any CPU.Build.0 = Debug|Any CPU
		{FAC37046-252C-4341-9BEE-2D21CD22D7E1}.Release|Any CPU.ActiveCfg = Release|Any CPU
		{FAC37046-252C-4341-9BEE-2D21CD22D7E1}.Release|Any CPU.Build.0 = Release|Any CPU
	EndGlobalSection
	GlobalSection(SolutionProperties) = preSolution
		HideSolutionNode = FALSE
	EndGlobalSection
	GlobalSection(ExtensibilityGlobals) = postSolution
		SolutionGuid = {15071C5E-618F-4D53-9F3B-D01EAC441698}
	EndGlobalSection
EndGlobal
