
Microsoft Visual Studio Solution File, Format Version 12.00
# Visual Studio Version 17
VisualStudioVersion = 17.7.34202.233
MinimumVisualStudioVersion = 10.0.40219.1
Project("{FAE04EC0-301F-11D3-BF4B-00C04F79EFBC}") = "11 ian cex", "11 ian cex\11 ian cex.csproj", "{CBC62D63-7B67-46D2-9667-8E5657DE0775}"
EndProject
Global
	GlobalSection(SolutionConfigurationPlatforms) = preSolution
		Debug|Any CPU = Debug|Any CPU
		Release|Any CPU = Release|Any CPU
	EndGlobalSection
	GlobalSection(ProjectConfigurationPlatforms) = postSolution
		{CBC62D63-7B67-46D2-9667-8E5657DE0775}.Debug|Any CPU.ActiveCfg = Debug|Any CPU
		{CBC62D63-7B67-46D2-9667-8E5657DE0775}.Debug|Any CPU.Build.0 = Debug|Any CPU
		{CBC62D63-7B67-46D2-9667-8E5657DE0775}.Release|Any CPU.ActiveCfg = Release|Any CPU
		{CBC62D63-7B67-46D2-9667-8E5657DE0775}.Release|Any CPU.Build.0 = Release|Any CPU
	EndGlobalSection
	GlobalSection(SolutionProperties) = preSolution
		HideSolutionNode = FALSE
	EndGlobalSection
	GlobalSection(ExtensibilityGlobals) = postSolution
		SolutionGuid = {82FA2FFA-3926-4B13-BA20-52FBE1C2FEB8}
	EndGlobalSection
EndGlobal
