
Microsoft Visual Studio Solution File, Format Version 12.00
# Visual Studio Version 17
VisualStudioVersion = 17.7.34202.233
MinimumVisualStudioVersion = 10.0.40219.1
Project("{FAE04EC0-301F-11D3-BF4B-00C04F79EFBC}") = "Controlul MonthCalendar", "Controlul MonthCalendar\Controlul MonthCalendar.csproj", "{E188AA02-B177-4B49-9F30-BE6DC1380946}"
EndProject
Global
	GlobalSection(SolutionConfigurationPlatforms) = preSolution
		Debug|Any CPU = Debug|Any CPU
		Release|Any CPU = Release|Any CPU
	EndGlobalSection
	GlobalSection(ProjectConfigurationPlatforms) = postSolution
		{E188AA02-B177-4B49-9F30-BE6DC1380946}.Debug|Any CPU.ActiveCfg = Debug|Any CPU
		{E188AA02-B177-4B49-9F30-BE6DC1380946}.Debug|Any CPU.Build.0 = Debug|Any CPU
		{E188AA02-B177-4B49-9F30-BE6DC1380946}.Release|Any CPU.ActiveCfg = Release|Any CPU
		{E188AA02-B177-4B49-9F30-BE6DC1380946}.Release|Any CPU.Build.0 = Release|Any CPU
	EndGlobalSection
	GlobalSection(SolutionProperties) = preSolution
		HideSolutionNode = FALSE
	EndGlobalSection
	GlobalSection(ExtensibilityGlobals) = postSolution
		SolutionGuid = {64676B42-AEE7-4D8F-BDD8-3EF5F89E687B}
	EndGlobalSection
EndGlobal
