
Microsoft Visual Studio Solution File, Format Version 12.00
# Visual Studio Version 17
VisualStudioVersion = 17.7.34202.233
MinimumVisualStudioVersion = 10.0.40219.1
Project("{FAE04EC0-301F-11D3-BF4B-00C04F79EFBC}") = "21 Decembrie CEX Programare", "21 Decembrie CEX Programare\21 Decembrie CEX Programare.csproj", "{46642951-750A-4148-B1E9-C0B3F799D1D0}"
EndProject
Global
	GlobalSection(SolutionConfigurationPlatforms) = preSolution
		Debug|Any CPU = Debug|Any CPU
		Release|Any CPU = Release|Any CPU
	EndGlobalSection
	GlobalSection(ProjectConfigurationPlatforms) = postSolution
		{46642951-750A-4148-B1E9-C0B3F799D1D0}.Debug|Any CPU.ActiveCfg = Debug|Any CPU
		{46642951-750A-4148-B1E9-C0B3F799D1D0}.Debug|Any CPU.Build.0 = Debug|Any CPU
		{46642951-750A-4148-B1E9-C0B3F799D1D0}.Release|Any CPU.ActiveCfg = Release|Any CPU
		{46642951-750A-4148-B1E9-C0B3F799D1D0}.Release|Any CPU.Build.0 = Release|Any CPU
	EndGlobalSection
	GlobalSection(SolutionProperties) = preSolution
		HideSolutionNode = FALSE
	EndGlobalSection
	GlobalSection(ExtensibilityGlobals) = postSolution
		SolutionGuid = {A7DF7257-0E8A-449F-997E-5197839EF7EF}
	EndGlobalSection
EndGlobal
